
Microsoft Visual Studio Solution File, Format Version 12.00
# Visual Studio Version 17
VisualStudioVersion = 17.1.32319.34
MinimumVisualStudioVersion = 10.0.40219.1
Project("{FAE04EC0-301F-11D3-BF4B-00C04F79EFBC}") = "Data", "Data\Data.csproj", "{D0F49F47-A99F-476B-A26C-4142774E39BF}"
EndProject
Project("{FAE04EC0-301F-11D3-BF4B-00C04F79EFBC}") = "ViewModels", "ViewModels\ViewModels.csproj", "{1673F0B4-0E3F-414F-8644-51E577514A91}"
EndProject
Project("{FAE04EC0-301F-11D3-BF4B-00C04F79EFBC}") = "AdminApplication", "AdminApplication\AdminApplication.csproj", "{3EDF3AAC-0042-48AF-81FA-82A1A094BB7E}"
EndProject
Project("{FAE04EC0-301F-11D3-BF4B-00C04F79EFBC}") = "Services", "Services\Services.csproj", "{98B39115-A3AD-4993-B1DE-CC48C75BEDF0}"
EndProject
Global
	GlobalSection(SolutionConfigurationPlatforms) = preSolution
		Debug|Any CPU = Debug|Any CPU
		Release|Any CPU = Release|Any CPU
	EndGlobalSection
	GlobalSection(ProjectConfigurationPlatforms) = postSolution
		{D0F49F47-A99F-476B-A26C-4142774E39BF}.Debug|Any CPU.ActiveCfg = Debug|Any CPU
		{D0F49F47-A99F-476B-A26C-4142774E39BF}.Debug|Any CPU.Build.0 = Debug|Any CPU
		{D0F49F47-A99F-476B-A26C-4142774E39BF}.Release|Any CPU.ActiveCfg = Release|Any CPU
		{D0F49F47-A99F-476B-A26C-4142774E39BF}.Release|Any CPU.Build.0 = Release|Any CPU
		{1673F0B4-0E3F-414F-8644-51E577514A91}.Debug|Any CPU.ActiveCfg = Debug|Any CPU
		{1673F0B4-0E3F-414F-8644-51E577514A91}.Debug|Any CPU.Build.0 = Debug|Any CPU
		{1673F0B4-0E3F-414F-8644-51E577514A91}.Release|Any CPU.ActiveCfg = Release|Any CPU
		{1673F0B4-0E3F-414F-8644-51E577514A91}.Release|Any CPU.Build.0 = Release|Any CPU
		{3EDF3AAC-0042-48AF-81FA-82A1A094BB7E}.Debug|Any CPU.ActiveCfg = Debug|Any CPU
		{3EDF3AAC-0042-48AF-81FA-82A1A094BB7E}.Debug|Any CPU.Build.0 = Debug|Any CPU
		{3EDF3AAC-0042-48AF-81FA-82A1A094BB7E}.Release|Any CPU.ActiveCfg = Release|Any CPU
		{3EDF3AAC-0042-48AF-81FA-82A1A094BB7E}.Release|Any CPU.Build.0 = Release|Any CPU
		{98B39115-A3AD-4993-B1DE-CC48C75BEDF0}.Debug|Any CPU.ActiveCfg = Debug|Any CPU
		{98B39115-A3AD-4993-B1DE-CC48C75BEDF0}.Debug|Any CPU.Build.0 = Debug|Any CPU
		{98B39115-A3AD-4993-B1DE-CC48C75BEDF0}.Release|Any CPU.ActiveCfg = Release|Any CPU
		{98B39115-A3AD-4993-B1DE-CC48C75BEDF0}.Release|Any CPU.Build.0 = Release|Any CPU
	EndGlobalSection
	GlobalSection(SolutionProperties) = preSolution
		HideSolutionNode = FALSE
	EndGlobalSection
	GlobalSection(ExtensibilityGlobals) = postSolution
		SolutionGuid = {D6891C87-194C-474F-8633-DA7D19D9FE6D}
	EndGlobalSection
EndGlobal
